
Microsoft Visual Studio Solution File, Format Version 12.00
# Visual Studio 2013
VisualStudioVersion = 12.0.31101.0
MinimumVisualStudioVersion = 10.0.40219.1
Project("{FAE04EC0-301F-11D3-BF4B-00C04F79EFBC}") = "CmsController.Core", "CMSController.Core\CmsController.Core.csproj", "{8549342E-A812-49EA-9CD7-927DB9DA99A6}"
EndProject
Project("{FAE04EC0-301F-11D3-BF4B-00C04F79EFBC}") = "Api.Umbraco", "Api.Umbraco\Api.Umbraco.csproj", "{31FF6B58-3E0A-423A-808B-6299822E54E1}"
EndProject
Project("{FAE04EC0-301F-11D3-BF4B-00C04F79EFBC}") = "Api.Umbraco.Tests", "Api.Umbraco.Tests\Api.Umbraco.Tests.csproj", "{1F73823B-F5FA-45B8-B3C2-728D8384F56E}"
EndProject
Project("{FAE04EC0-301F-11D3-BF4B-00C04F79EFBC}") = "Umbraco.CompatibilityChecker", "Umbraco.CompatibilityChecker\Umbraco.CompatibilityChecker.csproj", "{687CA724-3651-437B-BF3E-5F175697DA84}"
EndProject
Project("{FAE04EC0-301F-11D3-BF4B-00C04F79EFBC}") = "UmbracoDeployConsole", "UmbracoDeployConsole\UmbracoDeployConsole.csproj", "{21D78F86-1C88-4AD9-88BA-7513EC214ECA}"
EndProject
Project("{FAE04EC0-301F-11D3-BF4B-00C04F79EFBC}") = "UmbracoDeployConsole.Tests", "UmbracoDeployConsole.Tests\UmbracoDeployConsole.Tests.csproj", "{14A6599F-2A00-45F9-9345-DCC577427B0B}"
EndProject
Global
	GlobalSection(SolutionConfigurationPlatforms) = preSolution
		Debug|Any CPU = Debug|Any CPU
		Release|Any CPU = Release|Any CPU
	EndGlobalSection
	GlobalSection(ProjectConfigurationPlatforms) = postSolution
		{8549342E-A812-49EA-9CD7-927DB9DA99A6}.Debug|Any CPU.ActiveCfg = Debug|Any CPU
		{8549342E-A812-49EA-9CD7-927DB9DA99A6}.Debug|Any CPU.Build.0 = Debug|Any CPU
		{8549342E-A812-49EA-9CD7-927DB9DA99A6}.Release|Any CPU.ActiveCfg = Release|Any CPU
		{8549342E-A812-49EA-9CD7-927DB9DA99A6}.Release|Any CPU.Build.0 = Release|Any CPU
		{31FF6B58-3E0A-423A-808B-6299822E54E1}.Debug|Any CPU.ActiveCfg = Debug|Any CPU
		{31FF6B58-3E0A-423A-808B-6299822E54E1}.Debug|Any CPU.Build.0 = Debug|Any CPU
		{31FF6B58-3E0A-423A-808B-6299822E54E1}.Release|Any CPU.ActiveCfg = Release|Any CPU
		{31FF6B58-3E0A-423A-808B-6299822E54E1}.Release|Any CPU.Build.0 = Release|Any CPU
		{1F73823B-F5FA-45B8-B3C2-728D8384F56E}.Debug|Any CPU.ActiveCfg = Debug|Any CPU
		{1F73823B-F5FA-45B8-B3C2-728D8384F56E}.Debug|Any CPU.Build.0 = Debug|Any CPU
		{1F73823B-F5FA-45B8-B3C2-728D8384F56E}.Release|Any CPU.ActiveCfg = Release|Any CPU
		{1F73823B-F5FA-45B8-B3C2-728D8384F56E}.Release|Any CPU.Build.0 = Release|Any CPU
		{687CA724-3651-437B-BF3E-5F175697DA84}.Debug|Any CPU.ActiveCfg = Debug|Any CPU
		{687CA724-3651-437B-BF3E-5F175697DA84}.Debug|Any CPU.Build.0 = Debug|Any CPU
		{687CA724-3651-437B-BF3E-5F175697DA84}.Release|Any CPU.ActiveCfg = Release|Any CPU
		{687CA724-3651-437B-BF3E-5F175697DA84}.Release|Any CPU.Build.0 = Release|Any CPU
		{21D78F86-1C88-4AD9-88BA-7513EC214ECA}.Debug|Any CPU.ActiveCfg = Debug|Any CPU
		{21D78F86-1C88-4AD9-88BA-7513EC214ECA}.Debug|Any CPU.Build.0 = Debug|Any CPU
		{21D78F86-1C88-4AD9-88BA-7513EC214ECA}.Release|Any CPU.ActiveCfg = Release|Any CPU
		{21D78F86-1C88-4AD9-88BA-7513EC214ECA}.Release|Any CPU.Build.0 = Release|Any CPU
		{14A6599F-2A00-45F9-9345-DCC577427B0B}.Debug|Any CPU.ActiveCfg = Debug|Any CPU
		{14A6599F-2A00-45F9-9345-DCC577427B0B}.Debug|Any CPU.Build.0 = Debug|Any CPU
		{14A6599F-2A00-45F9-9345-DCC577427B0B}.Release|Any CPU.ActiveCfg = Release|Any CPU
		{14A6599F-2A00-45F9-9345-DCC577427B0B}.Release|Any CPU.Build.0 = Release|Any CPU
	EndGlobalSection
	GlobalSection(SolutionProperties) = preSolution
		HideSolutionNode = FALSE
	EndGlobalSection
EndGlobal
